
Microsoft Visual Studio Solution File, Format Version 12.00
# Visual Studio Version 17
VisualStudioVersion = 17.9.34723.18
MinimumVisualStudioVersion = 10.0.40219.1
Project("{9A19103F-16F7-4668-BE54-9A1E7A4F7556}") = "PersonalBuyEcommerceAPI", "PersonalBuyEcommerceAPI.csproj", "{EE31B0AB-B5AF-4893-827B-1D8502439036}"
EndProject
Project("{9A19103F-16F7-4668-BE54-9A1E7A4F7556}") = "PersonalBuyPaymentAPI", "..\PersonalBuyPaymentAPI\PersonalBuyPaymentAPI.csproj", "{A7F1B7FD-A450-4F48-957E-1939B0050231}"
EndProject
Project("{9A19103F-16F7-4668-BE54-9A1E7A4F7556}") = "Tests", "..\Tests\Tests.csproj", "{F3BF3F62-A5A6-4BAC-BCEB-7411476501D1}"
EndProject
Global
	GlobalSection(SolutionConfigurationPlatforms) = preSolution
		Debug|Any CPU = Debug|Any CPU
		Release|Any CPU = Release|Any CPU
	EndGlobalSection
	GlobalSection(ProjectConfigurationPlatforms) = postSolution
		{EE31B0AB-B5AF-4893-827B-1D8502439036}.Debug|Any CPU.ActiveCfg = Debug|Any CPU
		{EE31B0AB-B5AF-4893-827B-1D8502439036}.Debug|Any CPU.Build.0 = Debug|Any CPU
		{EE31B0AB-B5AF-4893-827B-1D8502439036}.Release|Any CPU.ActiveCfg = Release|Any CPU
		{EE31B0AB-B5AF-4893-827B-1D8502439036}.Release|Any CPU.Build.0 = Release|Any CPU
		{A7F1B7FD-A450-4F48-957E-1939B0050231}.Debug|Any CPU.ActiveCfg = Debug|Any CPU
		{A7F1B7FD-A450-4F48-957E-1939B0050231}.Debug|Any CPU.Build.0 = Debug|Any CPU
		{A7F1B7FD-A450-4F48-957E-1939B0050231}.Release|Any CPU.ActiveCfg = Release|Any CPU
		{A7F1B7FD-A450-4F48-957E-1939B0050231}.Release|Any CPU.Build.0 = Release|Any CPU
		{F3BF3F62-A5A6-4BAC-BCEB-7411476501D1}.Debug|Any CPU.ActiveCfg = Debug|Any CPU
		{F3BF3F62-A5A6-4BAC-BCEB-7411476501D1}.Debug|Any CPU.Build.0 = Debug|Any CPU
		{F3BF3F62-A5A6-4BAC-BCEB-7411476501D1}.Release|Any CPU.ActiveCfg = Release|Any CPU
		{F3BF3F62-A5A6-4BAC-BCEB-7411476501D1}.Release|Any CPU.Build.0 = Release|Any CPU
	EndGlobalSection
	GlobalSection(SolutionProperties) = preSolution
		HideSolutionNode = FALSE
	EndGlobalSection
	GlobalSection(ExtensibilityGlobals) = postSolution
		SolutionGuid = {67BCD567-E696-4183-87A9-8FF07062D883}
	EndGlobalSection
EndGlobal
